// !$*UTF8*$!
{
	archiveVersion = 1;
	classes = {
	};
	objectVersion = 51;
	objects = {

/* Begin PBXBuildFile section */
		4E5977744D48275310592811 /* Pods_GOATWeather.framework in Frameworks */ = {isa = PBXBuildFile; fileRef = B596FDBBB370B214120FA47A /* Pods_GOATWeather.framework */; };
		5AB452B90BD4B0D25BC3E612 /* Pods_GOATWeatherTests.framework in Frameworks */ = {isa = PBXBuildFile; fileRef = EC3A2FE50849BC73DC3C2313 /* Pods_GOATWeatherTests.framework */; };
		69D50761237DBCD300E0A82C /* AppDelegate.swift in Sources */ = {isa = PBXBuildFile; fileRef = 69D50760237DBCD300E0A82C /* AppDelegate.swift */; };
		69D50763237DBCD300E0A82C /* SceneDelegate.swift in Sources */ = {isa = PBXBuildFile; fileRef = 69D50762237DBCD300E0A82C /* SceneDelegate.swift */; };
		69D50768237DBCD400E0A82C /* Main.storyboard in Resources */ = {isa = PBXBuildFile; fileRef = 69D50766237DBCD400E0A82C /* Main.storyboard */; };
		69D5076A237DBCD500E0A82C /* Assets.xcassets in Resources */ = {isa = PBXBuildFile; fileRef = 69D50769237DBCD500E0A82C /* Assets.xcassets */; };
		69D5076D237DBCD500E0A82C /* LaunchScreen.storyboard in Resources */ = {isa = PBXBuildFile; fileRef = 69D5076B237DBCD500E0A82C /* LaunchScreen.storyboard */; };
		69D50778237DBCD500E0A82C /* GOATWeatherTests.swift in Sources */ = {isa = PBXBuildFile; fileRef = 69D50777237DBCD500E0A82C /* GOATWeatherTests.swift */; };
		69D50783237DD21400E0A82C /* HomeViewController.swift in Sources */ = {isa = PBXBuildFile; fileRef = 69D50782237DD21400E0A82C /* HomeViewController.swift */; };
		69D50785237DD22A00E0A82C /* HomePresenter.swift in Sources */ = {isa = PBXBuildFile; fileRef = 69D50784237DD22A00E0A82C /* HomePresenter.swift */; };
		69D50787237DD23A00E0A82C /* HomeInteractor.swift in Sources */ = {isa = PBXBuildFile; fileRef = 69D50786237DD23A00E0A82C /* HomeInteractor.swift */; };
		69D5078A237DD44800E0A82C /* Daily.swift in Sources */ = {isa = PBXBuildFile; fileRef = 69D50789237DD44800E0A82C /* Daily.swift */; };
		69D5078C237DD7CC00E0A82C /* HomeGateway.swift in Sources */ = {isa = PBXBuildFile; fileRef = 69D5078B237DD7CC00E0A82C /* HomeGateway.swift */; };
		69D5078E237DD7DE00E0A82C /* API.swift in Sources */ = {isa = PBXBuildFile; fileRef = 69D5078D237DD7DE00E0A82C /* API.swift */; };
		69D50790237DDD5D00E0A82C /* AppEnvironment.swift in Sources */ = {isa = PBXBuildFile; fileRef = 69D5078F237DDD5D00E0A82C /* AppEnvironment.swift */; };
		69D50792237DE45600E0A82C /* HomeNavigator.swift in Sources */ = {isa = PBXBuildFile; fileRef = 69D50791237DE45600E0A82C /* HomeNavigator.swift */; };
		69D50794237DE46000E0A82C /* Navigator.swift in Sources */ = {isa = PBXBuildFile; fileRef = 69D50793237DE46000E0A82C /* Navigator.swift */; };
		69D50796237DE61200E0A82C /* DetailViewController.swift in Sources */ = {isa = PBXBuildFile; fileRef = 69D50795237DE61200E0A82C /* DetailViewController.swift */; };
		69D5079C237E055200E0A82C /* Reusable.swift in Sources */ = {isa = PBXBuildFile; fileRef = 69D5079B237E055200E0A82C /* Reusable.swift */; };
		69D5079E237E0B7600E0A82C /* WeatherIconBuilder.swift in Sources */ = {isa = PBXBuildFile; fileRef = 69D5079D237E0B7600E0A82C /* WeatherIconBuilder.swift */; };
		69D507A0237E0E0000E0A82C /* HomeTableViewCell.swift in Sources */ = {isa = PBXBuildFile; fileRef = 69D5079F237E0E0000E0A82C /* HomeTableViewCell.swift */; };
		69D507A2237E0E3100E0A82C /* PaddingView.swift in Sources */ = {isa = PBXBuildFile; fileRef = 69D507A1237E0E3100E0A82C /* PaddingView.swift */; };
/* End PBXBuildFile section */

/* Begin PBXContainerItemProxy section */
		69D50774237DBCD500E0A82C /* PBXContainerItemProxy */ = {
			isa = PBXContainerItemProxy;
			containerPortal = 69D50755237DBCD300E0A82C /* Project object */;
			proxyType = 1;
			remoteGlobalIDString = 69D5075C237DBCD300E0A82C;
			remoteInfo = GOATWeather;
		};
/* End PBXContainerItemProxy section */

/* Begin PBXFileReference section */
		2D39897ADB4BEB92AB86498C /* Pods-GOATWeather.release.xcconfig */ = {isa = PBXFileReference; includeInIndex = 1; lastKnownFileType = text.xcconfig; name = "Pods-GOATWeather.release.xcconfig"; path = "Target Support Files/Pods-GOATWeather/Pods-GOATWeather.release.xcconfig"; sourceTree = "<group>"; };
		3D38BD975B64304820480B07 /* Pods-GOATWeatherTests.debug.xcconfig */ = {isa = PBXFileReference; includeInIndex = 1; lastKnownFileType = text.xcconfig; name = "Pods-GOATWeatherTests.debug.xcconfig"; path = "Target Support Files/Pods-GOATWeatherTests/Pods-GOATWeatherTests.debug.xcconfig"; sourceTree = "<group>"; };
		69D5075D237DBCD300E0A82C /* GOATWeather.app */ = {isa = PBXFileReference; explicitFileType = wrapper.application; includeInIndex = 0; path = GOATWeather.app; sourceTree = BUILT_PRODUCTS_DIR; };
		69D50760237DBCD300E0A82C /* AppDelegate.swift */ = {isa = PBXFileReference; lastKnownFileType = sourcecode.swift; path = AppDelegate.swift; sourceTree = "<group>"; };
		69D50762237DBCD300E0A82C /* SceneDelegate.swift */ = {isa = PBXFileReference; lastKnownFileType = sourcecode.swift; path = SceneDelegate.swift; sourceTree = "<group>"; };
		69D50767237DBCD400E0A82C /* Base */ = {isa = PBXFileReference; lastKnownFileType = file.storyboard; name = Base; path = Base.lproj/Main.storyboard; sourceTree = "<group>"; };
		69D50769237DBCD500E0A82C /* Assets.xcassets */ = {isa = PBXFileReference; lastKnownFileType = folder.assetcatalog; path = Assets.xcassets; sourceTree = "<group>"; };
		69D5076C237DBCD500E0A82C /* Base */ = {isa = PBXFileReference; lastKnownFileType = file.storyboard; name = Base; path = Base.lproj/LaunchScreen.storyboard; sourceTree = "<group>"; };
		69D5076E237DBCD500E0A82C /* Info.plist */ = {isa = PBXFileReference; lastKnownFileType = text.plist.xml; path = Info.plist; sourceTree = "<group>"; };
		69D50773237DBCD500E0A82C /* GOATWeatherTests.xctest */ = {isa = PBXFileReference; explicitFileType = wrapper.cfbundle; includeInIndex = 0; path = GOATWeatherTests.xctest; sourceTree = BUILT_PRODUCTS_DIR; };
		69D50777237DBCD500E0A82C /* GOATWeatherTests.swift */ = {isa = PBXFileReference; lastKnownFileType = sourcecode.swift; path = GOATWeatherTests.swift; sourceTree = "<group>"; };
		69D50779237DBCD500E0A82C /* Info.plist */ = {isa = PBXFileReference; lastKnownFileType = text.plist.xml; path = Info.plist; sourceTree = "<group>"; };
		69D50782237DD21400E0A82C /* HomeViewController.swift */ = {isa = PBXFileReference; lastKnownFileType = sourcecode.swift; path = HomeViewController.swift; sourceTree = "<group>"; };
		69D50784237DD22A00E0A82C /* HomePresenter.swift */ = {isa = PBXFileReference; lastKnownFileType = sourcecode.swift; path = HomePresenter.swift; sourceTree = "<group>"; };
		69D50786237DD23A00E0A82C /* HomeInteractor.swift */ = {isa = PBXFileReference; lastKnownFileType = sourcecode.swift; path = HomeInteractor.swift; sourceTree = "<group>"; };
		69D50789237DD44800E0A82C /* Daily.swift */ = {isa = PBXFileReference; lastKnownFileType = sourcecode.swift; path = Daily.swift; sourceTree = "<group>"; };
		69D5078B237DD7CC00E0A82C /* HomeGateway.swift */ = {isa = PBXFileReference; lastKnownFileType = sourcecode.swift; path = HomeGateway.swift; sourceTree = "<group>"; };
		69D5078D237DD7DE00E0A82C /* API.swift */ = {isa = PBXFileReference; lastKnownFileType = sourcecode.swift; path = API.swift; sourceTree = "<group>"; };
		69D5078F237DDD5D00E0A82C /* AppEnvironment.swift */ = {isa = PBXFileReference; lastKnownFileType = sourcecode.swift; path = AppEnvironment.swift; sourceTree = "<group>"; };
		69D50791237DE45600E0A82C /* HomeNavigator.swift */ = {isa = PBXFileReference; lastKnownFileType = sourcecode.swift; path = HomeNavigator.swift; sourceTree = "<group>"; };
		69D50793237DE46000E0A82C /* Navigator.swift */ = {isa = PBXFileReference; lastKnownFileType = sourcecode.swift; path = Navigator.swift; sourceTree = "<group>"; };
		69D50795237DE61200E0A82C /* DetailViewController.swift */ = {isa = PBXFileReference; lastKnownFileType = sourcecode.swift; path = DetailViewController.swift; sourceTree = "<group>"; };
		69D5079B237E055200E0A82C /* Reusable.swift */ = {isa = PBXFileReference; lastKnownFileType = sourcecode.swift; path = Reusable.swift; sourceTree = "<group>"; };
		69D5079D237E0B7600E0A82C /* WeatherIconBuilder.swift */ = {isa = PBXFileReference; lastKnownFileType = sourcecode.swift; path = WeatherIconBuilder.swift; sourceTree = "<group>"; };
		69D5079F237E0E0000E0A82C /* HomeTableViewCell.swift */ = {isa = PBXFileReference; lastKnownFileType = sourcecode.swift; path = HomeTableViewCell.swift; sourceTree = "<group>"; };
		69D507A1237E0E3100E0A82C /* PaddingView.swift */ = {isa = PBXFileReference; lastKnownFileType = sourcecode.swift; path = PaddingView.swift; sourceTree = "<group>"; };
		ABAC26A9173EE443645D1E4E /* Pods-GOATWeatherTests.release.xcconfig */ = {isa = PBXFileReference; includeInIndex = 1; lastKnownFileType = text.xcconfig; name = "Pods-GOATWeatherTests.release.xcconfig"; path = "Target Support Files/Pods-GOATWeatherTests/Pods-GOATWeatherTests.release.xcconfig"; sourceTree = "<group>"; };
		B596FDBBB370B214120FA47A /* Pods_GOATWeather.framework */ = {isa = PBXFileReference; explicitFileType = wrapper.framework; includeInIndex = 0; path = Pods_GOATWeather.framework; sourceTree = BUILT_PRODUCTS_DIR; };
		D991E19BC9F155244A5F2A5F /* Pods-GOATWeather.debug.xcconfig */ = {isa = PBXFileReference; includeInIndex = 1; lastKnownFileType = text.xcconfig; name = "Pods-GOATWeather.debug.xcconfig"; path = "Target Support Files/Pods-GOATWeather/Pods-GOATWeather.debug.xcconfig"; sourceTree = "<group>"; };
		EC3A2FE50849BC73DC3C2313 /* Pods_GOATWeatherTests.framework */ = {isa = PBXFileReference; explicitFileType = wrapper.framework; includeInIndex = 0; path = Pods_GOATWeatherTests.framework; sourceTree = BUILT_PRODUCTS_DIR; };
/* End PBXFileReference section */

/* Begin PBXFrameworksBuildPhase section */
		69D5075A237DBCD300E0A82C /* Frameworks */ = {
			isa = PBXFrameworksBuildPhase;
			buildActionMask = 2147483647;
			files = (
				4E5977744D48275310592811 /* Pods_GOATWeather.framework in Frameworks */,
			);
			runOnlyForDeploymentPostprocessing = 0;
		};
		69D50770237DBCD500E0A82C /* Frameworks */ = {
			isa = PBXFrameworksBuildPhase;
			buildActionMask = 2147483647;
			files = (
				5AB452B90BD4B0D25BC3E612 /* Pods_GOATWeatherTests.framework in Frameworks */,
			);
			runOnlyForDeploymentPostprocessing = 0;
		};
/* End PBXFrameworksBuildPhase section */

/* Begin PBXGroup section */
		69D50754237DBCD300E0A82C = {
			isa = PBXGroup;
			children = (
				69D5075F237DBCD300E0A82C /* GOATWeather */,
				69D50776237DBCD500E0A82C /* GOATWeatherTests */,
				69D5075E237DBCD300E0A82C /* Products */,
				EE5D796D5369BF3E8A3FD597 /* Pods */,
				EA15EB04B9B793047D1DE738 /* Frameworks */,
			);
			sourceTree = "<group>";
		};
		69D5075E237DBCD300E0A82C /* Products */ = {
			isa = PBXGroup;
			children = (
				69D5075D237DBCD300E0A82C /* GOATWeather.app */,
				69D50773237DBCD500E0A82C /* GOATWeatherTests.xctest */,
			);
			name = Products;
			sourceTree = "<group>";
		};
		69D5075F237DBCD300E0A82C /* GOATWeather */ = {
			isa = PBXGroup;
			children = (
				69D50760237DBCD300E0A82C /* AppDelegate.swift */,
				69D50762237DBCD300E0A82C /* SceneDelegate.swift */,
				69D5079A237DE6E300E0A82C /* Custom */,
				69D50799237DE6D900E0A82C /* Models */,
				69D50798237DE6C300E0A82C /* Networking */,
				69D50797237DE69D00E0A82C /* Detail */,
				69D50788237DD24200E0A82C /* Home */,
				69D50766237DBCD400E0A82C /* Main.storyboard */,
				69D50769237DBCD500E0A82C /* Assets.xcassets */,
				69D5076B237DBCD500E0A82C /* LaunchScreen.storyboard */,
				69D5076E237DBCD500E0A82C /* Info.plist */,
			);
			path = GOATWeather;
			sourceTree = "<group>";
		};
		69D50776237DBCD500E0A82C /* GOATWeatherTests */ = {
			isa = PBXGroup;
			children = (
				69D50777237DBCD500E0A82C /* GOATWeatherTests.swift */,
				69D50779237DBCD500E0A82C /* Info.plist */,
			);
			path = GOATWeatherTests;
			sourceTree = "<group>";
		};
		69D50788237DD24200E0A82C /* Home */ = {
			isa = PBXGroup;
			children = (
				69D50782237DD21400E0A82C /* HomeViewController.swift */,
				69D50784237DD22A00E0A82C /* HomePresenter.swift */,
				69D50786237DD23A00E0A82C /* HomeInteractor.swift */,
				69D5078B237DD7CC00E0A82C /* HomeGateway.swift */,
				69D50791237DE45600E0A82C /* HomeNavigator.swift */,
				69D5079F237E0E0000E0A82C /* HomeTableViewCell.swift */,
			);
			path = Home;
			sourceTree = "<group>";
		};
		69D50797237DE69D00E0A82C /* Detail */ = {
			isa = PBXGroup;
			children = (
				69D50795237DE61200E0A82C /* DetailViewController.swift */,
			);
			path = Detail;
			sourceTree = "<group>";
		};
		69D50798237DE6C300E0A82C /* Networking */ = {
			isa = PBXGroup;
			children = (
				69D5078D237DD7DE00E0A82C /* API.swift */,
			);
			name = Networking;
			sourceTree = "<group>";
		};
		69D50799237DE6D900E0A82C /* Models */ = {
			isa = PBXGroup;
			children = (
				69D50789237DD44800E0A82C /* Daily.swift */,
			);
			path = Models;
			sourceTree = "<group>";
		};
		69D5079A237DE6E300E0A82C /* Custom */ = {
			isa = PBXGroup;
			children = (
				69D50793237DE46000E0A82C /* Navigator.swift */,
				69D5079B237E055200E0A82C /* Reusable.swift */,
				69D5078F237DDD5D00E0A82C /* AppEnvironment.swift */,
				69D5079D237E0B7600E0A82C /* WeatherIconBuilder.swift */,
				69D507A1237E0E3100E0A82C /* PaddingView.swift */,
			);
			path = Custom;
			sourceTree = "<group>";
		};
		EA15EB04B9B793047D1DE738 /* Frameworks */ = {
			isa = PBXGroup;
			children = (
				B596FDBBB370B214120FA47A /* Pods_GOATWeather.framework */,
				EC3A2FE50849BC73DC3C2313 /* Pods_GOATWeatherTests.framework */,
			);
			name = Frameworks;
			sourceTree = "<group>";
		};
		EE5D796D5369BF3E8A3FD597 /* Pods */ = {
			isa = PBXGroup;
			children = (
				D991E19BC9F155244A5F2A5F /* Pods-GOATWeather.debug.xcconfig */,
				2D39897ADB4BEB92AB86498C /* Pods-GOATWeather.release.xcconfig */,
				3D38BD975B64304820480B07 /* Pods-GOATWeatherTests.debug.xcconfig */,
				ABAC26A9173EE443645D1E4E /* Pods-GOATWeatherTests.release.xcconfig */,
			);
			path = Pods;
			sourceTree = "<group>";
		};
/* End PBXGroup section */

/* Begin PBXNativeTarget section */
		69D5075C237DBCD300E0A82C /* GOATWeather */ = {
			isa = PBXNativeTarget;
			buildConfigurationList = 69D5077C237DBCD500E0A82C /* Build configuration list for PBXNativeTarget "GOATWeather" */;
			buildPhases = (
				249594AF23236E073C104D81 /* [CP] Check Pods Manifest.lock */,
				69D50759237DBCD300E0A82C /* Sources */,
				69D5075A237DBCD300E0A82C /* Frameworks */,
				69D5075B237DBCD300E0A82C /* Resources */,
				CDE792744C28E58673A85216 /* [CP] Embed Pods Frameworks */,
			);
			buildRules = (
			);
			dependencies = (
			);
			name = GOATWeather;
			productName = GOATWeather;
			productReference = 69D5075D237DBCD300E0A82C /* GOATWeather.app */;
			productType = "com.apple.product-type.application";
		};
		69D50772237DBCD500E0A82C /* GOATWeatherTests */ = {
			isa = PBXNativeTarget;
			buildConfigurationList = 69D5077F237DBCD500E0A82C /* Build configuration list for PBXNativeTarget "GOATWeatherTests" */;
			buildPhases = (
				5425C0D7596EF1E8BC8A531D /* [CP] Check Pods Manifest.lock */,
				69D5076F237DBCD500E0A82C /* Sources */,
				69D50770237DBCD500E0A82C /* Frameworks */,
				69D50771237DBCD500E0A82C /* Resources */,
			);
			buildRules = (
			);
			dependencies = (
				69D50775237DBCD500E0A82C /* PBXTargetDependency */,
			);
			name = GOATWeatherTests;
			productName = GOATWeatherTests;
			productReference = 69D50773237DBCD500E0A82C /* GOATWeatherTests.xctest */;
			productType = "com.apple.product-type.bundle.unit-test";
		};
/* End PBXNativeTarget section */

/* Begin PBXProject section */
		69D50755237DBCD300E0A82C /* Project object */ = {
			isa = PBXProject;
			attributes = {
				LastSwiftUpdateCheck = 1100;
				LastUpgradeCheck = 1100;
				ORGANIZATIONNAME = "Komran Ghahremani";
				TargetAttributes = {
					69D5075C237DBCD300E0A82C = {
						CreatedOnToolsVersion = 11.0;
					};
					69D50772237DBCD500E0A82C = {
						CreatedOnToolsVersion = 11.0;
						TestTargetID = 69D5075C237DBCD300E0A82C;
					};
				};
			};
			buildConfigurationList = 69D50758237DBCD300E0A82C /* Build configuration list for PBXProject "GOATWeather" */;
			compatibilityVersion = "Xcode 9.3";
			developmentRegion = en;
			hasScannedForEncodings = 0;
			knownRegions = (
				en,
				Base,
			);
			mainGroup = 69D50754237DBCD300E0A82C;
			productRefGroup = 69D5075E237DBCD300E0A82C /* Products */;
			projectDirPath = "";
			projectRoot = "";
			targets = (
				69D5075C237DBCD300E0A82C /* GOATWeather */,
				69D50772237DBCD500E0A82C /* GOATWeatherTests */,
			);
		};
/* End PBXProject section */

/* Begin PBXResourcesBuildPhase section */
		69D5075B237DBCD300E0A82C /* Resources */ = {
			isa = PBXResourcesBuildPhase;
			buildActionMask = 2147483647;
			files = (
				69D5076D237DBCD500E0A82C /* LaunchScreen.storyboard in Resources */,
				69D5076A237DBCD500E0A82C /* Assets.xcassets in Resources */,
				69D50768237DBCD400E0A82C /* Main.storyboard in Resources */,
			);
			runOnlyForDeploymentPostprocessing = 0;
		};
		69D50771237DBCD500E0A82C /* Resources */ = {
			isa = PBXResourcesBuildPhase;
			buildActionMask = 2147483647;
			files = (
			);
			runOnlyForDeploymentPostprocessing = 0;
		};
/* End PBXResourcesBuildPhase section */

/* Begin PBXShellScriptBuildPhase section */
		249594AF23236E073C104D81 /* [CP] Check Pods Manifest.lock */ = {
			isa = PBXShellScriptBuildPhase;
			buildActionMask = 2147483647;
			files = (
			);
			inputFileListPaths = (
			);
			inputPaths = (
				"${PODS_PODFILE_DIR_PATH}/Podfile.lock",
				"${PODS_ROOT}/Manifest.lock",
			);
			name = "[CP] Check Pods Manifest.lock";
			outputFileListPaths = (
			);
			outputPaths = (
				"$(DERIVED_FILE_DIR)/Pods-GOATWeather-checkManifestLockResult.txt",
			);
			runOnlyForDeploymentPostprocessing = 0;
			shellPath = /bin/sh;
			shellScript = "diff \"${PODS_PODFILE_DIR_PATH}/Podfile.lock\" \"${PODS_ROOT}/Manifest.lock\" > /dev/null\nif [ $? != 0 ] ; then\n    # print error to STDERR\n    echo \"error: The sandbox is not in sync with the Podfile.lock. Run 'pod install' or update your CocoaPods installation.\" >&2\n    exit 1\nfi\n# This output is used by Xcode 'outputs' to avoid re-running this script phase.\necho \"SUCCESS\" > \"${SCRIPT_OUTPUT_FILE_0}\"\n";
			showEnvVarsInLog = 0;
		};
		5425C0D7596EF1E8BC8A531D /* [CP] Check Pods Manifest.lock */ = {
			isa = PBXShellScriptBuildPhase;
			buildActionMask = 2147483647;
			files = (
			);
			inputFileListPaths = (
			);
			inputPaths = (
				"${PODS_PODFILE_DIR_PATH}/Podfile.lock",
				"${PODS_ROOT}/Manifest.lock",
			);
			name = "[CP] Check Pods Manifest.lock";
			outputFileListPaths = (
			);
			outputPaths = (
				"$(DERIVED_FILE_DIR)/Pods-GOATWeatherTests-checkManifestLockResult.txt",
			);
			runOnlyForDeploymentPostprocessing = 0;
			shellPath = /bin/sh;
			shellScript = "diff \"${PODS_PODFILE_DIR_PATH}/Podfile.lock\" \"${PODS_ROOT}/Manifest.lock\" > /dev/null\nif [ $? != 0 ] ; then\n    # print error to STDERR\n    echo \"error: The sandbox is not in sync with the Podfile.lock. Run 'pod install' or update your CocoaPods installation.\" >&2\n    exit 1\nfi\n# This output is used by Xcode 'outputs' to avoid re-running this script phase.\necho \"SUCCESS\" > \"${SCRIPT_OUTPUT_FILE_0}\"\n";
			showEnvVarsInLog = 0;
		};
		CDE792744C28E58673A85216 /* [CP] Embed Pods Frameworks */ = {
			isa = PBXShellScriptBuildPhase;
			buildActionMask = 2147483647;
			files = (
			);
			inputFileListPaths = (
				"${PODS_ROOT}/Target Support Files/Pods-GOATWeather/Pods-GOATWeather-frameworks-${CONFIGURATION}-input-files.xcfilelist",
			);
			name = "[CP] Embed Pods Frameworks";
			outputFileListPaths = (
				"${PODS_ROOT}/Target Support Files/Pods-GOATWeather/Pods-GOATWeather-frameworks-${CONFIGURATION}-output-files.xcfilelist",
			);
			runOnlyForDeploymentPostprocessing = 0;
			shellPath = /bin/sh;
			shellScript = "\"${PODS_ROOT}/Target Support Files/Pods-GOATWeather/Pods-GOATWeather-frameworks.sh\"\n";
			showEnvVarsInLog = 0;
		};
/* End PBXShellScriptBuildPhase section */

/* Begin PBXSourcesBuildPhase section */
		69D50759237DBCD300E0A82C /* Sources */ = {
			isa = PBXSourcesBuildPhase;
			buildActionMask = 2147483647;
			files = (
				69D50796237DE61200E0A82C /* DetailViewController.swift in Sources */,
				69D50761237DBCD300E0A82C /* AppDelegate.swift in Sources */,
				69D50763237DBCD300E0A82C /* SceneDelegate.swift in Sources */,
				69D50787237DD23A00E0A82C /* HomeInteractor.swift in Sources */,
				69D50785237DD22A00E0A82C /* HomePresenter.swift in Sources */,
				69D50794237DE46000E0A82C /* Navigator.swift in Sources */,
				69D507A0237E0E0000E0A82C /* HomeTableViewCell.swift in Sources */,
				69D5079C237E055200E0A82C /* Reusable.swift in Sources */,
				69D50790237DDD5D00E0A82C /* AppEnvironment.swift in Sources */,
				69D50783237DD21400E0A82C /* HomeViewController.swift in Sources */,
				69D5078A237DD44800E0A82C /* Daily.swift in Sources */,
				69D5078E237DD7DE00E0A82C /* API.swift in Sources */,
				69D50792237DE45600E0A82C /* HomeNavigator.swift in Sources */,
				69D5078C237DD7CC00E0A82C /* HomeGateway.swift in Sources */,
				69D507A2237E0E3100E0A82C /* PaddingView.swift in Sources */,
				69D5079E237E0B7600E0A82C /* WeatherIconBuilder.swift in Sources */,
			);
			runOnlyForDeploymentPostprocessing = 0;
		};
		69D5076F237DBCD500E0A82C /* Sources */ = {
			isa = PBXSourcesBuildPhase;
			buildActionMask = 2147483647;
			files = (
				69D50778237DBCD500E0A82C /* GOATWeatherTests.swift in Sources */,
			);
			runOnlyForDeploymentPostprocessing = 0;
		};
/* End PBXSourcesBuildPhase section */

/* Begin PBXTargetDependency section */
		69D50775237DBCD500E0A82C /* PBXTargetDependency */ = {
			isa = PBXTargetDependency;
			target = 69D5075C237DBCD300E0A82C /* GOATWeather */;
			targetProxy = 69D50774237DBCD500E0A82C /* PBXContainerItemProxy */;
		};
/* End PBXTargetDependency section */

/* Begin PBXVariantGroup section */
		69D50766237DBCD400E0A82C /* Main.storyboard */ = {
			isa = PBXVariantGroup;
			children = (
				69D50767237DBCD400E0A82C /* Base */,
			);
			name = Main.storyboard;
			sourceTree = "<group>";
		};
		69D5076B237DBCD500E0A82C /* LaunchScreen.storyboard */ = {
			isa = PBXVariantGroup;
			children = (
				69D5076C237DBCD500E0A82C /* Base */,
			);
			name = LaunchScreen.storyboard;
			sourceTree = "<group>";
		};
/* End PBXVariantGroup section */

/* Begin XCBuildConfiguration section */
		69D5077A237DBCD500E0A82C /* Debug */ = {
			isa = XCBuildConfiguration;
			buildSettings = {
				ALWAYS_SEARCH_USER_PATHS = NO;
				CLANG_ANALYZER_NONNULL = YES;
				CLANG_ANALYZER_NUMBER_OBJECT_CONVERSION = YES_AGGRESSIVE;
				CLANG_CXX_LANGUAGE_STANDARD = "gnu++14";
				CLANG_CXX_LIBRARY = "libc++";
				CLANG_ENABLE_MODULES = YES;
				CLANG_ENABLE_OBJC_ARC = YES;
				CLANG_ENABLE_OBJC_WEAK = YES;
				CLANG_WARN_BLOCK_CAPTURE_AUTORELEASING = YES;
				CLANG_WARN_BOOL_CONVERSION = YES;
				CLANG_WARN_COMMA = YES;
				CLANG_WARN_CONSTANT_CONVERSION = YES;
				CLANG_WARN_DEPRECATED_OBJC_IMPLEMENTATIONS = YES;
				CLANG_WARN_DIRECT_OBJC_ISA_USAGE = YES_ERROR;
				CLANG_WARN_DOCUMENTATION_COMMENTS = YES;
				CLANG_WARN_EMPTY_BODY = YES;
				CLANG_WARN_ENUM_CONVERSION = YES;
				CLANG_WARN_INFINITE_RECURSION = YES;
				CLANG_WARN_INT_CONVERSION = YES;
				CLANG_WARN_NON_LITERAL_NULL_CONVERSION = YES;
				CLANG_WARN_OBJC_IMPLICIT_RETAIN_SELF = YES;
				CLANG_WARN_OBJC_LITERAL_CONVERSION = YES;
				CLANG_WARN_OBJC_ROOT_CLASS = YES_ERROR;
				CLANG_WARN_RANGE_LOOP_ANALYSIS = YES;
				CLANG_WARN_STRICT_PROTOTYPES = YES;
				CLANG_WARN_SUSPICIOUS_MOVE = YES;
				CLANG_WARN_UNGUARDED_AVAILABILITY = YES_AGGRESSIVE;
				CLANG_WARN_UNREACHABLE_CODE = YES;
				CLANG_WARN__DUPLICATE_METHOD_MATCH = YES;
				COPY_PHASE_STRIP = NO;
				DEBUG_INFORMATION_FORMAT = dwarf;
				ENABLE_STRICT_OBJC_MSGSEND = YES;
				ENABLE_TESTABILITY = YES;
				GCC_C_LANGUAGE_STANDARD = gnu11;
				GCC_DYNAMIC_NO_PIC = NO;
				GCC_NO_COMMON_BLOCKS = YES;
				GCC_OPTIMIZATION_LEVEL = 0;
				GCC_PREPROCESSOR_DEFINITIONS = (
					"DEBUG=1",
					"$(inherited)",
				);
				GCC_WARN_64_TO_32_BIT_CONVERSION = YES;
				GCC_WARN_ABOUT_RETURN_TYPE = YES_ERROR;
				GCC_WARN_UNDECLARED_SELECTOR = YES;
				GCC_WARN_UNINITIALIZED_AUTOS = YES_AGGRESSIVE;
				GCC_WARN_UNUSED_FUNCTION = YES;
				GCC_WARN_UNUSED_VARIABLE = YES;
				IPHONEOS_DEPLOYMENT_TARGET = 13.0;
				MTL_ENABLE_DEBUG_INFO = INCLUDE_SOURCE;
				MTL_FAST_MATH = YES;
				ONLY_ACTIVE_ARCH = YES;
				SDKROOT = iphoneos;
				SWIFT_ACTIVE_COMPILATION_CONDITIONS = DEBUG;
				SWIFT_OPTIMIZATION_LEVEL = "-Onone";
			};
			name = Debug;
		};
		69D5077B237DBCD500E0A82C /* Release */ = {
			isa = XCBuildConfiguration;
			buildSettings = {
				ALWAYS_SEARCH_USER_PATHS = NO;
				CLANG_ANALYZER_NONNULL = YES;
				CLANG_ANALYZER_NUMBER_OBJECT_CONVERSION = YES_AGGRESSIVE;
				CLANG_CXX_LANGUAGE_STANDARD = "gnu++14";
				CLANG_CXX_LIBRARY = "libc++";
				CLANG_ENABLE_MODULES = YES;
				CLANG_ENABLE_OBJC_ARC = YES;
				CLANG_ENABLE_OBJC_WEAK = YES;
				CLANG_WARN_BLOCK_CAPTURE_AUTORELEASING = YES;
				CLANG_WARN_BOOL_CONVERSION = YES;
				CLANG_WARN_COMMA = YES;
				CLANG_WARN_CONSTANT_CONVERSION = YES;
				CLANG_WARN_DEPRECATED_OBJC_IMPLEMENTATIONS = YES;
				CLANG_WARN_DIRECT_OBJC_ISA_USAGE = YES_ERROR;
				CLANG_WARN_DOCUMENTATION_COMMENTS = YES;
				CLANG_WARN_EMPTY_BODY = YES;
				CLANG_WARN_ENUM_CONVERSION = YES;
				CLANG_WARN_INFINITE_RECURSION = YES;
				CLANG_WARN_INT_CONVERSION = YES;
				CLANG_WARN_NON_LITERAL_NULL_CONVERSION = YES;
				CLANG_WARN_OBJC_IMPLICIT_RETAIN_SELF = YES;
				CLANG_WARN_OBJC_LITERAL_CONVERSION = YES;
				CLANG_WARN_OBJC_ROOT_CLASS = YES_ERROR;
				CLANG_WARN_RANGE_LOOP_ANALYSIS = YES;
				CLANG_WARN_STRICT_PROTOTYPES = YES;
				CLANG_WARN_SUSPICIOUS_MOVE = YES;
				CLANG_WARN_UNGUARDED_AVAILABILITY = YES_AGGRESSIVE;
				CLANG_WARN_UNREACHABLE_CODE = YES;
				CLANG_WARN__DUPLICATE_METHOD_MATCH = YES;
				COPY_PHASE_STRIP = NO;
				DEBUG_INFORMATION_FORMAT = "dwarf-with-dsym";
				ENABLE_NS_ASSERTIONS = NO;
				ENABLE_STRICT_OBJC_MSGSEND = YES;
				GCC_C_LANGUAGE_STANDARD = gnu11;
				GCC_NO_COMMON_BLOCKS = YES;
				GCC_WARN_64_TO_32_BIT_CONVERSION = YES;
				GCC_WARN_ABOUT_RETURN_TYPE = YES_ERROR;
				GCC_WARN_UNDECLARED_SELECTOR = YES;
				GCC_WARN_UNINITIALIZED_AUTOS = YES_AGGRESSIVE;
				GCC_WARN_UNUSED_FUNCTION = YES;
				GCC_WARN_UNUSED_VARIABLE = YES;
				IPHONEOS_DEPLOYMENT_TARGET = 13.0;
				MTL_ENABLE_DEBUG_INFO = NO;
				MTL_FAST_MATH = YES;
				SDKROOT = iphoneos;
				SWIFT_COMPILATION_MODE = wholemodule;
				SWIFT_OPTIMIZATION_LEVEL = "-O";
				VALIDATE_PRODUCT = YES;
			};
			name = Release;
		};
		69D5077D237DBCD500E0A82C /* Debug */ = {
			isa = XCBuildConfiguration;
			baseConfigurationReference = D991E19BC9F155244A5F2A5F /* Pods-GOATWeather.debug.xcconfig */;
			buildSettings = {
				ASSETCATALOG_COMPILER_APPICON_NAME = AppIcon;
				CODE_SIGN_STYLE = Automatic;
				DEVELOPMENT_TEAM = G23SDK69HF;
				INFOPLIST_FILE = GOATWeather/Info.plist;
				IPHONEOS_DEPLOYMENT_TARGET = 13.0;
				LD_RUNPATH_SEARCH_PATHS = (
					"$(inherited)",
					"@executable_path/Frameworks",
				);
				PRODUCT_BUNDLE_IDENTIFIER = com.GOATWeather;
				PRODUCT_NAME = "$(TARGET_NAME)";
				SWIFT_VERSION = 5.0;
				TARGETED_DEVICE_FAMILY = "1,2";
			};
			name = Debug;
		};
		69D5077E237DBCD500E0A82C /* Release */ = {
			isa = XCBuildConfiguration;
			baseConfigurationReference = 2D39897ADB4BEB92AB86498C /* Pods-GOATWeather.release.xcconfig */;
			buildSettings = {
				ASSETCATALOG_COMPILER_APPICON_NAME = AppIcon;
				CODE_SIGN_STYLE = Automatic;
				DEVELOPMENT_TEAM = G23SDK69HF;
				INFOPLIST_FILE = GOATWeather/Info.plist;
				IPHONEOS_DEPLOYMENT_TARGET = 13.0;
				LD_RUNPATH_SEARCH_PATHS = (
					"$(inherited)",
					"@executable_path/Frameworks",
				);
				PRODUCT_BUNDLE_IDENTIFIER = com.GOATWeather;
				PRODUCT_NAME = "$(TARGET_NAME)";
				SWIFT_VERSION = 5.0;
				TARGETED_DEVICE_FAMILY = "1,2";
			};
			name = Release;
		};
		69D50780237DBCD500E0A82C /* Debug */ = {
			isa = XCBuildConfiguration;
			baseConfigurationReference = 3D38BD975B64304820480B07 /* Pods-GOATWeatherTests.debug.xcconfig */;
			buildSettings = {
				ALWAYS_EMBED_SWIFT_STANDARD_LIBRARIES = YES;
				BUNDLE_LOADER = "$(TEST_HOST)";
				CODE_SIGN_STYLE = Automatic;
				DEVELOPMENT_TEAM = G23SDK69HF;
				INFOPLIST_FILE = GOATWeatherTests/Info.plist;
				IPHONEOS_DEPLOYMENT_TARGET = 13.0;
				LD_RUNPATH_SEARCH_PATHS = (
					"$(inherited)",
					"@executable_path/Frameworks",
					"@loader_path/Frameworks",
				);
				PRODUCT_BUNDLE_IDENTIFIER = com.GOATWeatherTests;
				PRODUCT_NAME = "$(TARGET_NAME)";
				SWIFT_VERSION = 5.0;
				TARGETED_DEVICE_FAMILY = "1,2";
				TEST_HOST = "$(BUILT_PRODUCTS_DIR)/GOATWeather.app/GOATWeather";
			};
			name = Debug;
		};
		69D50781237DBCD500E0A82C /* Release */ = {
			isa = XCBuildConfiguration;
			baseConfigurationReference = ABAC26A9173EE443645D1E4E /* Pods-GOATWeatherTests.release.xcconfig */;
			buildSettings = {
				ALWAYS_EMBED_SWIFT_STANDARD_LIBRARIES = YES;
				BUNDLE_LOADER = "$(TEST_HOST)";
				CODE_SIGN_STYLE = Automatic;
				DEVELOPMENT_TEAM = G23SDK69HF;
				INFOPLIST_FILE = GOATWeatherTests/Info.plist;
				IPHONEOS_DEPLOYMENT_TARGET = 13.0;
				LD_RUNPATH_SEARCH_PATHS = (
					"$(inherited)",
					"@executable_path/Frameworks",
					"@loader_path/Frameworks",
				);
				PRODUCT_BUNDLE_IDENTIFIER = com.GOATWeatherTests;
				PRODUCT_NAME = "$(TARGET_NAME)";
				SWIFT_VERSION = 5.0;
				TARGETED_DEVICE_FAMILY = "1,2";
				TEST_HOST = "$(BUILT_PRODUCTS_DIR)/GOATWeather.app/GOATWeather";
			};
			name = Release;
		};
/* End XCBuildConfiguration section */

/* Begin XCConfigurationList section */
		69D50758237DBCD300E0A82C /* Build configuration list for PBXProject "GOATWeather" */ = {
			isa = XCConfigurationList;
			buildConfigurations = (
				69D5077A237DBCD500E0A82C /* Debug */,
				69D5077B237DBCD500E0A82C /* Release */,
			);
			defaultConfigurationIsVisible = 0;
			defaultConfigurationName = Release;
		};
		69D5077C237DBCD500E0A82C /* Build configuration list for PBXNativeTarget "GOATWeather" */ = {
			isa = XCConfigurationList;
			buildConfigurations = (
				69D5077D237DBCD500E0A82C /* Debug */,
				69D5077E237DBCD500E0A82C /* Release */,
			);
			defaultConfigurationIsVisible = 0;
			defaultConfigurationName = Release;
		};
		69D5077F237DBCD500E0A82C /* Build configuration list for PBXNativeTarget "GOATWeatherTests" */ = {
			isa = XCConfigurationList;
			buildConfigurations = (
				69D50780237DBCD500E0A82C /* Debug */,
				69D50781237DBCD500E0A82C /* Release */,
			);
			defaultConfigurationIsVisible = 0;
			defaultConfigurationName = Release;
		};
/* End XCConfigurationList section */
	};
	rootObject = 69D50755237DBCD300E0A82C /* Project object */;
}
